
Microsoft Visual Studio Solution File, Format Version 12.00
# Visual Studio 14
VisualStudioVersion = 14.0.24720.0
MinimumVisualStudioVersion = 10.0.40219.1
Project("{FAE04EC0-301F-11D3-BF4B-00C04F79EFBC}") = "DrawApp", "DrawApp\DrawApp.csproj", "{FC565549-DA90-45F3-A8F0-169A47103447}"
EndProject
Project("{FAE04EC0-301F-11D3-BF4B-00C04F79EFBC}") = "T1", "T1\T1.csproj", "{C2EC158D-099C-4963-8EC8-12B293D0A976}"
EndProject
Global
	GlobalSection(SolutionConfigurationPlatforms) = preSolution
		Debug|Any CPU = Debug|Any CPU
		Release|Any CPU = Release|Any CPU
	EndGlobalSection
	GlobalSection(ProjectConfigurationPlatforms) = postSolution
		{FC565549-DA90-45F3-A8F0-169A47103447}.Debug|Any CPU.ActiveCfg = Debug|Any CPU
		{FC565549-DA90-45F3-A8F0-169A47103447}.Debug|Any CPU.Build.0 = Debug|Any CPU
		{FC565549-DA90-45F3-A8F0-169A47103447}.Release|Any CPU.ActiveCfg = Release|Any CPU
		{FC565549-DA90-45F3-A8F0-169A47103447}.Release|Any CPU.Build.0 = Release|Any CPU
		{C2EC158D-099C-4963-8EC8-12B293D0A976}.Debug|Any CPU.ActiveCfg = Debug|Any CPU
		{C2EC158D-099C-4963-8EC8-12B293D0A976}.Debug|Any CPU.Build.0 = Debug|Any CPU
		{C2EC158D-099C-4963-8EC8-12B293D0A976}.Release|Any CPU.ActiveCfg = Release|Any CPU
		{C2EC158D-099C-4963-8EC8-12B293D0A976}.Release|Any CPU.Build.0 = Release|Any CPU
	EndGlobalSection
	GlobalSection(SolutionProperties) = preSolution
		HideSolutionNode = FALSE
	EndGlobalSection
EndGlobal
